{
  "version": 4,
  "terraform_version": "1.12.2",
  "serial": 169,
  "lineage": "6f94b9de-681a-386c-f705-b577cc4c439b",
  "outputs": {
    "jenkins_agents_public_ips": {
      "value": {
        "slave1": "54.194.33.246",
        "slave2": "34.253.208.161",
        "slave3": "34.241.39.64"
      },
      "type": [
        "object",
        {
          "slave1": "string",
          "slave2": "string",
          "slave3": "string"
        }
      ]
    },
    "jenkins_master_public_ip": {
      "value": "34.245.236.67",
      "type": "string"
    }
  },
  "resources": [
    {
      "mode": "data",
      "type": "aws_internet_gateway",
      "name": "igw",
      "provider": "provider[\"registry.terraform.io/hashicorp/aws\"]",
      "instances": [
        {
          "schema_version": 0,
          "attributes": {
            "arn": "arn:aws:ec2:eu-west-1:539247450175:internet-gateway/igw-0cab390f5f46c09ad",
            "attachments": [
              {
                "state": "available",
                "vpc_id": "vpc-047d345071dd6261d"
              }
            ],
            "filter": null,
            "id": "igw-0cab390f5f46c09ad",
            "internet_gateway_id": "igw-0cab390f5f46c09ad",
            "owner_id": "539247450175",
            "region": "eu-west-1",
            "tags": {
              "Env": "dev",
              "ManagedBy": "Terraform",
              "Name": "tpaws-dev-igw",
              "Owner": "smaail.he@kuikops.com",
              "Project": "tpaws"
            },
            "timeouts": null
          },
          "sensitive_attributes": [],
          "identity_schema_version": 0
        }
      ]
    },
    {
      "mode": "data",
      "type": "aws_vpc",
      "name": "existing",
      "provider": "provider[\"registry.terraform.io/hashicorp/aws\"]",
      "instances": [
        {
          "schema_version": 0,
          "attributes": {
            "arn": "arn:aws:ec2:eu-west-1:539247450175:vpc/vpc-047d345071dd6261d",
            "cidr_block": "50.20.0.0/16",
            "cidr_block_associations": [
              {
                "association_id": "vpc-cidr-assoc-05e7804ed9c55d629",
                "cidr_block": "50.20.0.0/16",
                "state": "associated"
              }
            ],
            "default": false,
            "dhcp_options_id": "dopt-0c174fc57ab8a9a78",
            "enable_dns_hostnames": true,
            "enable_dns_support": true,
            "enable_network_address_usage_metrics": false,
            "filter": null,
            "id": "vpc-047d345071dd6261d",
            "instance_tenancy": "default",
            "ipv6_association_id": "",
            "ipv6_cidr_block": "",
            "main_route_table_id": "rtb-050c1f910a486ae36",
            "owner_id": "539247450175",
            "region": "eu-west-1",
            "state": null,
            "tags": {
              "Env": "dev",
              "ManagedBy": "Terraform",
              "Name": "tpaws-dev-vpc",
              "Owner": "smaail.he@kuikops.com",
              "Project": "tpaws"
            },
            "timeouts": null
          },
          "sensitive_attributes": [],
          "identity_schema_version": 0
        }
      ]
    },
    {
      "mode": "managed",
      "type": "aws_key_pair",
      "name": "bei_key",
      "provider": "provider[\"registry.terraform.io/hashicorp/aws\"]",
      "instances": [
        {
          "schema_version": 1,
          "attributes": {
            "arn": "arn:aws:ec2:eu-west-1:539247450175:key-pair/bei2_pub_key",
            "fingerprint": "5b:ea:ce:1f:85:45:3e:05:ab:e2:b7:cd:99:1c:9b:22",
            "id": "bei2_pub_key",
            "key_name": "bei2_pub_key",
            "key_name_prefix": "",
            "key_pair_id": "key-07ea9e39dc57d7cfb",
            "key_type": "rsa",
            "public_key": "ssh-rsa AAAAB3NzaC1yc2EAAAADAQABAAACAQCgE1xooN7duFvVIMZ5bVFSUs65ctjU+v1XCUynLUFHsAxrx6v7igk94v5I9Yp31azezRrBu6tyz0/78nR50PIW3Lgt+EF8Mq8tCRFLAsdtCIPmu/8Ibhf+H2cneCPob9BdCmbfqAQ7WVJJg6pYxFPiQUb7JBUNZxlRaAsR4TdYxbkbKmHRsHMcpBhcaVsYiWA3VCCSdtvhf1ul/+VsSWIv2laQb68cg9yYRDrD/lu0fi4d/ekCYM5iIZzSb+WUKV7SOiHcfPQKcWGNr2XXMXV/F9Bz4gHoISPwAqy0JDq9lJCduIwHN6ifmGRpwBOKSD/hby1cOiXiC3k+IlaYr6xMP/uzoNyDaFELK25vpw8QolzWgvza4v105BGnyQLVo/re0UxikF5arxNwomwZLS5ogTGeI4HH8pJ9+v0J0/NWRgxYkdPoOKYggBf95fhc2OpV/PNwq3QcIbMQnacihmhGrI9jXt6ZPMnIoMJYtqWVWy/T1qQYTXML5DWs0Rb1RufVRC0Fwoxj0GwoCMPQAqX85CQHLO2/Jdeu1g/A/MNWmmHaLkXIcUOZWW5m+VSGyYbZnBebpBh7QhabCROUESqMay6w9fW0B5rQP56uQzz5SqnDNG+RnUxCVGxg1jqngn4iNq+j9AqdwwNsPEGN/FvEu4cJtED/LOxj/g7H6iJHiw== badr@DESKTOP-EU31V8O",
            "region": "eu-west-1",
            "tags": null,
            "tags_all": {}
          },
          "sensitive_attributes": [],
          "identity_schema_version": 0,
          "private": "eyJzY2hlbWFfdmVyc2lvbiI6IjEifQ=="
        }
      ]
    },
    {
      "mode": "managed",
      "type": "aws_route_table",
      "name": "public_rt",
      "provider": "provider[\"registry.terraform.io/hashicorp/aws\"]",
      "instances": [
        {
          "schema_version": 0,
          "attributes": {
            "arn": "arn:aws:ec2:eu-west-1:539247450175:route-table/rtb-0e6af5fecedd8c103",
            "id": "rtb-0e6af5fecedd8c103",
            "owner_id": "539247450175",
            "propagating_vgws": [],
            "region": "eu-west-1",
            "route": [
              {
                "carrier_gateway_id": "",
                "cidr_block": "0.0.0.0/0",
                "core_network_arn": "",
                "destination_prefix_list_id": "",
                "egress_only_gateway_id": "",
                "gateway_id": "igw-0cab390f5f46c09ad",
                "ipv6_cidr_block": "",
                "local_gateway_id": "",
                "nat_gateway_id": "",
                "network_interface_id": "",
                "transit_gateway_id": "",
                "vpc_endpoint_id": "",
                "vpc_peering_connection_id": ""
              }
            ],
            "tags": {
              "Name": "public-route-table"
            },
            "tags_all": {
              "Name": "public-route-table"
            },
            "timeouts": null,
            "vpc_id": "vpc-047d345071dd6261d"
          },
          "sensitive_attributes": [],
          "identity_schema_version": 0,
          "private": "eyJlMmJmYjczMC1lY2FhLTExZTYtOGY4OC0zNDM2M2JjN2M0YzAiOnsiY3JlYXRlIjozMDAwMDAwMDAwMDAsImRlbGV0ZSI6MzAwMDAwMDAwMDAwLCJ1cGRhdGUiOjEyMDAwMDAwMDAwMH19",
          "dependencies": [
            "data.aws_internet_gateway.igw",
            "data.aws_vpc.existing"
          ]
        }
      ]
    },
    {
      "mode": "managed",
      "type": "aws_route_table_association",
      "name": "public_assoc",
      "provider": "provider[\"registry.terraform.io/hashicorp/aws\"]",
      "instances": [
        {
          "schema_version": 0,
          "attributes": {
            "gateway_id": "",
            "id": "rtbassoc-0be09489bfecdf7a0",
            "region": "eu-west-1",
            "route_table_id": "rtb-0e6af5fecedd8c103",
            "subnet_id": "subnet-026c44d5a3f3fccca",
            "timeouts": null
          },
          "sensitive_attributes": [],
          "identity_schema_version": 0,
          "private": "eyJlMmJmYjczMC1lY2FhLTExZTYtOGY4OC0zNDM2M2JjN2M0YzAiOnsiY3JlYXRlIjozMDAwMDAwMDAwMDAsImRlbGV0ZSI6MzAwMDAwMDAwMDAwLCJ1cGRhdGUiOjEyMDAwMDAwMDAwMH19",
          "dependencies": [
            "aws_route_table.public_rt",
            "aws_subnet.public_subnet",
            "data.aws_internet_gateway.igw",
            "data.aws_vpc.existing"
          ]
        }
      ]
    },
    {
      "mode": "managed",
      "type": "aws_subnet",
      "name": "public_subnet",
      "provider": "provider[\"registry.terraform.io/hashicorp/aws\"]",
      "instances": [
        {
          "schema_version": 1,
          "attributes": {
            "arn": "arn:aws:ec2:eu-west-1:539247450175:subnet/subnet-026c44d5a3f3fccca",
            "assign_ipv6_address_on_creation": false,
            "availability_zone": "eu-west-1a",
            "availability_zone_id": "euw1-az2",
            "cidr_block": "50.20.1.0/28",
            "customer_owned_ipv4_pool": "",
            "enable_dns64": false,
            "enable_lni_at_device_index": 0,
            "enable_resource_name_dns_a_record_on_launch": false,
            "enable_resource_name_dns_aaaa_record_on_launch": false,
            "id": "subnet-026c44d5a3f3fccca",
            "ipv6_cidr_block": "",
            "ipv6_cidr_block_association_id": "",
            "ipv6_native": false,
            "map_customer_owned_ip_on_launch": false,
            "map_public_ip_on_launch": true,
            "outpost_arn": "",
            "owner_id": "539247450175",
            "private_dns_hostname_type_on_launch": "ip-name",
            "region": "eu-west-1",
            "tags": {
              "Name": "bei_subnet"
            },
            "tags_all": {
              "Name": "bei_subnet"
            },
            "timeouts": null,
            "vpc_id": "vpc-047d345071dd6261d"
          },
          "sensitive_attributes": [],
          "identity_schema_version": 0,
          "identity": {
            "account_id": "539247450175",
            "id": "subnet-026c44d5a3f3fccca",
            "region": "eu-west-1"
          },
          "private": "eyJlMmJmYjczMC1lY2FhLTExZTYtOGY4OC0zNDM2M2JjN2M0YzAiOnsiY3JlYXRlIjo2MDAwMDAwMDAwMDAsImRlbGV0ZSI6MTIwMDAwMDAwMDAwMH0sInNjaGVtYV92ZXJzaW9uIjoiMSJ9",
          "dependencies": [
            "data.aws_vpc.existing"
          ],
          "create_before_destroy": true
        }
      ]
    },
    {
      "module": "module.jenkins_master",
      "mode": "data",
      "type": "aws_partition",
      "name": "current",
      "provider": "provider[\"registry.terraform.io/hashicorp/aws\"]",
      "instances": [
        {
          "schema_version": 0,
          "attributes": {
            "dns_suffix": "amazonaws.com",
            "id": "aws",
            "partition": "aws",
            "reverse_dns_prefix": "com.amazonaws"
          },
          "sensitive_attributes": [],
          "identity_schema_version": 0
        }
      ]
    },
    {
      "module": "module.jenkins_master",
      "mode": "data",
      "type": "aws_subnet",
      "name": "this",
      "provider": "provider[\"registry.terraform.io/hashicorp/aws\"]",
      "instances": [
        {
          "index_key": 0,
          "schema_version": 0,
          "attributes": {
            "arn": "arn:aws:ec2:eu-west-1:539247450175:subnet/subnet-026c44d5a3f3fccca",
            "assign_ipv6_address_on_creation": false,
            "availability_zone": "eu-west-1a",
            "availability_zone_id": "euw1-az2",
            "available_ip_address_count": 11,
            "cidr_block": "50.20.1.0/28",
            "customer_owned_ipv4_pool": "",
            "default_for_az": false,
            "enable_dns64": false,
            "enable_lni_at_device_index": 0,
            "enable_resource_name_dns_a_record_on_launch": false,
            "enable_resource_name_dns_aaaa_record_on_launch": false,
            "filter": null,
            "id": "subnet-026c44d5a3f3fccca",
            "ipv6_cidr_block": "",
            "ipv6_cidr_block_association_id": "",
            "ipv6_native": false,
            "map_customer_owned_ip_on_launch": false,
            "map_public_ip_on_launch": true,
            "outpost_arn": "",
            "owner_id": "539247450175",
            "private_dns_hostname_type_on_launch": "ip-name",
            "region": "eu-west-1",
            "state": "available",
            "tags": {
              "Name": "bei_subnet"
            },
            "timeouts": null,
            "vpc_id": "vpc-047d345071dd6261d"
          },
          "sensitive_attributes": [],
          "identity_schema_version": 0
        }
      ]
    },
    {
      "module": "module.jenkins_master",
      "mode": "managed",
      "type": "aws_instance",
      "name": "this",
      "provider": "provider[\"registry.terraform.io/hashicorp/aws\"]",
      "instances": [
        {
          "index_key": 0,
          "schema_version": 2,
          "attributes": {
            "ami": "ami-01f23391a59163da9",
            "arn": "arn:aws:ec2:eu-west-1:539247450175:instance/i-00018eb6fb6986ef0",
            "associate_public_ip_address": true,
            "availability_zone": "eu-west-1a",
            "capacity_reservation_specification": [
              {
                "capacity_reservation_preference": "open",
                "capacity_reservation_target": []
              }
            ],
            "cpu_options": [
              {
                "amd_sev_snp": "",
                "core_count": 1,
                "threads_per_core": 2
              }
            ],
            "credit_specification": [
              {
                "cpu_credits": "unlimited"
              }
            ],
            "disable_api_stop": false,
            "disable_api_termination": false,
            "ebs_block_device": [],
            "ebs_optimized": false,
            "enable_primary_ipv6": null,
            "enclave_options": [
              {
                "enabled": false
              }
            ],
            "ephemeral_block_device": [],
            "force_destroy": false,
            "get_password_data": false,
            "hibernation": false,
            "host_id": "",
            "host_resource_group_arn": null,
            "iam_instance_profile": "",
            "id": "i-00018eb6fb6986ef0",
            "instance_initiated_shutdown_behavior": "stop",
            "instance_lifecycle": "",
            "instance_market_options": [],
            "instance_state": "running",
            "instance_type": "t3.medium",
            "ipv6_address_count": 0,
            "ipv6_addresses": [],
            "key_name": "bei2_pub_key",
            "launch_template": [],
            "maintenance_options": [
              {
                "auto_recovery": "default"
              }
            ],
            "metadata_options": [
              {
                "http_endpoint": "enabled",
                "http_protocol_ipv6": "disabled",
                "http_put_response_hop_limit": 1,
                "http_tokens": "required",
                "instance_metadata_tags": "disabled"
              }
            ],
            "monitoring": false,
            "network_interface": [],
            "outpost_arn": "",
            "password_data": "",
            "placement_group": "",
            "placement_partition_number": 0,
            "primary_network_interface": [
              {
                "delete_on_termination": true,
                "network_interface_id": "eni-09083b44847ba35e4"
              }
            ],
            "primary_network_interface_id": "eni-09083b44847ba35e4",
            "private_dns": "ip-50-20-1-14.eu-west-1.compute.internal",
            "private_dns_name_options": [
              {
                "enable_resource_name_dns_a_record": false,
                "enable_resource_name_dns_aaaa_record": false,
                "hostname_type": "ip-name"
              }
            ],
            "private_ip": "50.20.1.14",
            "public_dns": "ec2-34-245-236-67.eu-west-1.compute.amazonaws.com",
            "public_ip": "34.245.236.67",
            "region": "eu-west-1",
            "root_block_device": [
              {
                "delete_on_termination": true,
                "device_name": "/dev/sda1",
                "encrypted": false,
                "iops": 3000,
                "kms_key_id": "",
                "tags": {},
                "tags_all": {},
                "throughput": 125,
                "volume_id": "vol-0f34f56b15d6c990e",
                "volume_size": 8,
                "volume_type": "gp3"
              }
            ],
            "secondary_private_ips": [],
            "security_groups": [],
            "source_dest_check": true,
            "spot_instance_request_id": "",
            "subnet_id": "subnet-026c44d5a3f3fccca",
            "tags": {
              "Name": "bei_jenkins_master",
              "Role": "bei_jenkins_controller"
            },
            "tags_all": {
              "Name": "bei_jenkins_master",
              "Role": "bei_jenkins_controller"
            },
            "tenancy": "default",
            "timeouts": {
              "create": null,
              "delete": null,
              "read": null,
              "update": null
            },
            "user_data": null,
            "user_data_base64": null,
            "user_data_replace_on_change": false,
            "volume_tags": {
              "Name": "bei_jenkins_master",
              "Role": "bei_jenkins_controller"
            },
            "vpc_security_group_ids": [
              "sg-0514a482d319f5cf3",
              "sg-0e2d80f155651566c"
            ]
          },
          "sensitive_attributes": [],
          "identity_schema_version": 0,
          "private": "eyJlMmJmYjczMC1lY2FhLTExZTYtOGY4OC0zNDM2M2JjN2M0YzAiOnsiY3JlYXRlIjo2MDAwMDAwMDAwMDAsImRlbGV0ZSI6MTIwMDAwMDAwMDAwMCwicmVhZCI6OTAwMDAwMDAwMDAwLCJ1cGRhdGUiOjYwMDAwMDAwMDAwMH0sInNjaGVtYV92ZXJzaW9uIjoiMiJ9",
          "dependencies": [
            "aws_key_pair.bei_key",
            "aws_subnet.public_subnet",
            "data.aws_vpc.existing",
            "module.jenkins_master.aws_iam_instance_profile.this",
            "module.jenkins_master.aws_iam_role.this",
            "module.jenkins_master.aws_security_group.this",
            "module.jenkins_master.data.aws_iam_policy_document.assume_role_policy",
            "module.jenkins_master.data.aws_partition.current",
            "module.jenkins_master.data.aws_ssm_parameter.this",
            "module.jenkins_master.data.aws_subnet.this",
            "module.jenkins_sg.aws_security_group.this",
            "module.jenkins_sg.aws_security_group.this_name_prefix"
          ]
        }
      ]
    },
    {
      "module": "module.jenkins_master",
      "mode": "managed",
      "type": "aws_security_group",
      "name": "this",
      "provider": "provider[\"registry.terraform.io/hashicorp/aws\"]",
      "instances": [
        {
          "index_key": 0,
          "schema_version": 1,
          "attributes": {
            "arn": "arn:aws:ec2:eu-west-1:539247450175:security-group/sg-0e2d80f155651566c",
            "description": "Managed by Terraform",
            "egress": [],
            "id": "sg-0e2d80f155651566c",
            "ingress": [],
            "name": "bei_jenkins_master-20250828170834393100000006",
            "name_prefix": "bei_jenkins_master-",
            "owner_id": "539247450175",
            "region": "eu-west-1",
            "revoke_rules_on_delete": false,
            "tags": {
              "Name": "bei_jenkins_master",
              "Role": "bei_jenkins_controller"
            },
            "tags_all": {
              "Name": "bei_jenkins_master",
              "Role": "bei_jenkins_controller"
            },
            "timeouts": null,
            "vpc_id": "vpc-047d345071dd6261d"
          },
          "sensitive_attributes": [],
          "identity_schema_version": 0,
          "identity": {
            "account_id": "539247450175",
            "id": "sg-0e2d80f155651566c",
            "region": "eu-west-1"
          },
          "private": "eyJlMmJmYjczMC1lY2FhLTExZTYtOGY4OC0zNDM2M2JjN2M0YzAiOnsiY3JlYXRlIjo2MDAwMDAwMDAwMDAsImRlbGV0ZSI6OTAwMDAwMDAwMDAwfSwic2NoZW1hX3ZlcnNpb24iOiIxIn0=",
          "dependencies": [
            "aws_subnet.public_subnet",
            "data.aws_vpc.existing",
            "module.jenkins_master.data.aws_subnet.this"
          ],
          "create_before_destroy": true
        }
      ]
    },
    {
      "module": "module.jenkins_master",
      "mode": "managed",
      "type": "aws_vpc_security_group_egress_rule",
      "name": "this",
      "provider": "provider[\"registry.terraform.io/hashicorp/aws\"]",
      "instances": [
        {
          "index_key": "ipv4_default",
          "schema_version": 0,
          "attributes": {
            "arn": "arn:aws:ec2:eu-west-1:539247450175:security-group-rule/sgr-0171587b57bd73299",
            "cidr_ipv4": "0.0.0.0/0",
            "cidr_ipv6": null,
            "description": "Allow all IPv4 traffic",
            "from_port": null,
            "id": "sgr-0171587b57bd73299",
            "ip_protocol": "-1",
            "prefix_list_id": null,
            "referenced_security_group_id": null,
            "region": "eu-west-1",
            "security_group_id": "sg-0e2d80f155651566c",
            "security_group_rule_id": "sgr-0171587b57bd73299",
            "tags": {
              "Name": "bei_jenkins_master-ipv4_default",
              "Role": "bei_jenkins_controller"
            },
            "tags_all": {
              "Name": "bei_jenkins_master-ipv4_default",
              "Role": "bei_jenkins_controller"
            },
            "to_port": null
          },
          "sensitive_attributes": [],
          "identity_schema_version": 0,
          "dependencies": [
            "aws_subnet.public_subnet",
            "data.aws_vpc.existing",
            "module.jenkins_master.aws_security_group.this",
            "module.jenkins_master.data.aws_subnet.this"
          ]
        },
        {
          "index_key": "ipv6_default",
          "schema_version": 0,
          "attributes": {
            "arn": "arn:aws:ec2:eu-west-1:539247450175:security-group-rule/sgr-08448f7d33e5bfa16",
            "cidr_ipv4": null,
            "cidr_ipv6": "::/0",
            "description": "Allow all IPv6 traffic",
            "from_port": null,
            "id": "sgr-08448f7d33e5bfa16",
            "ip_protocol": "-1",
            "prefix_list_id": null,
            "referenced_security_group_id": null,
            "region": "eu-west-1",
            "security_group_id": "sg-0e2d80f155651566c",
            "security_group_rule_id": "sgr-08448f7d33e5bfa16",
            "tags": {
              "Name": "bei_jenkins_master-ipv6_default",
              "Role": "bei_jenkins_controller"
            },
            "tags_all": {
              "Name": "bei_jenkins_master-ipv6_default",
              "Role": "bei_jenkins_controller"
            },
            "to_port": null
          },
          "sensitive_attributes": [],
          "identity_schema_version": 0,
          "dependencies": [
            "aws_subnet.public_subnet",
            "data.aws_vpc.existing",
            "module.jenkins_master.aws_security_group.this",
            "module.jenkins_master.data.aws_subnet.this"
          ]
        }
      ]
    },
    {
      "module": "module.jenkins_sg",
      "mode": "managed",
      "type": "aws_security_group",
      "name": "this_name_prefix",
      "provider": "provider[\"registry.terraform.io/hashicorp/aws\"]",
      "instances": [
        {
          "index_key": 0,
          "schema_version": 1,
          "attributes": {
            "arn": "arn:aws:ec2:eu-west-1:539247450175:security-group/sg-0514a482d319f5cf3",
            "description": "Allow SSH, HTTP, Jenkins UI (8080) and JNLP agent (50000); all egress",
            "egress": [],
            "id": "sg-0514a482d319f5cf3",
            "ingress": [],
            "name": "sg_ansible-20250828170822758100000002",
            "name_prefix": "sg_ansible-",
            "owner_id": "539247450175",
            "region": "eu-west-1",
            "revoke_rules_on_delete": false,
            "tags": {
              "Name": "sg_ansible"
            },
            "tags_all": {
              "Name": "sg_ansible"
            },
            "timeouts": {
              "create": "10m",
              "delete": "15m"
            },
            "vpc_id": "vpc-047d345071dd6261d"
          },
          "sensitive_attributes": [],
          "identity_schema_version": 0,
          "identity": {
            "account_id": "539247450175",
            "id": "sg-0514a482d319f5cf3",
            "region": "eu-west-1"
          },
          "private": "eyJlMmJmYjczMC1lY2FhLTExZTYtOGY4OC0zNDM2M2JjN2M0YzAiOnsiY3JlYXRlIjo2MDAwMDAwMDAwMDAsImRlbGV0ZSI6OTAwMDAwMDAwMDAwfSwic2NoZW1hX3ZlcnNpb24iOiIxIn0=",
          "dependencies": [
            "data.aws_vpc.existing"
          ],
          "create_before_destroy": true
        }
      ]
    },
    {
      "module": "module.jenkins_sg",
      "mode": "managed",
      "type": "aws_security_group_rule",
      "name": "egress_rules",
      "provider": "provider[\"registry.terraform.io/hashicorp/aws\"]",
      "instances": [
        {
          "index_key": 0,
          "schema_version": 2,
          "attributes": {
            "cidr_blocks": [
              "0.0.0.0/0"
            ],
            "description": "All protocols",
            "from_port": -1,
            "id": "sgrule-4022425079",
            "ipv6_cidr_blocks": [
              "::/0"
            ],
            "prefix_list_ids": [],
            "protocol": "-1",
            "region": "eu-west-1",
            "security_group_id": "sg-0514a482d319f5cf3",
            "security_group_rule_id": "",
            "self": false,
            "source_security_group_id": null,
            "timeouts": null,
            "to_port": -1,
            "type": "egress"
          },
          "sensitive_attributes": [],
          "identity_schema_version": 0,
          "private": "eyJlMmJmYjczMC1lY2FhLTExZTYtOGY4OC0zNDM2M2JjN2M0YzAiOnsiY3JlYXRlIjozMDAwMDAwMDAwMDB9LCJzY2hlbWFfdmVyc2lvbiI6IjIifQ==",
          "dependencies": [
            "data.aws_vpc.existing",
            "module.jenkins_sg.aws_security_group.this",
            "module.jenkins_sg.aws_security_group.this_name_prefix"
          ]
        }
      ]
    },
    {
      "module": "module.jenkins_sg",
      "mode": "managed",
      "type": "aws_security_group_rule",
      "name": "ingress_with_cidr_blocks",
      "provider": "provider[\"registry.terraform.io/hashicorp/aws\"]",
      "instances": [
        {
          "index_key": 0,
          "schema_version": 2,
          "attributes": {
            "cidr_blocks": [
              "0.0.0.0/0"
            ],
            "description": "Ingress Rule",
            "from_port": 22,
            "id": "sgrule-1368648791",
            "ipv6_cidr_blocks": null,
            "prefix_list_ids": [],
            "protocol": "tcp",
            "region": "eu-west-1",
            "security_group_id": "sg-0514a482d319f5cf3",
            "security_group_rule_id": "sgr-0b544b0748da1b3de",
            "self": false,
            "source_security_group_id": null,
            "timeouts": null,
            "to_port": 22,
            "type": "ingress"
          },
          "sensitive_attributes": [],
          "identity_schema_version": 0,
          "private": "eyJlMmJmYjczMC1lY2FhLTExZTYtOGY4OC0zNDM2M2JjN2M0YzAiOnsiY3JlYXRlIjozMDAwMDAwMDAwMDB9LCJzY2hlbWFfdmVyc2lvbiI6IjIifQ==",
          "dependencies": [
            "data.aws_vpc.existing",
            "module.jenkins_sg.aws_security_group.this",
            "module.jenkins_sg.aws_security_group.this_name_prefix"
          ]
        },
        {
          "index_key": 1,
          "schema_version": 2,
          "attributes": {
            "cidr_blocks": [
              "0.0.0.0/0"
            ],
            "description": "Ingress Rule",
            "from_port": 80,
            "id": "sgrule-3877220834",
            "ipv6_cidr_blocks": null,
            "prefix_list_ids": [],
            "protocol": "tcp",
            "region": "eu-west-1",
            "security_group_id": "sg-0514a482d319f5cf3",
            "security_group_rule_id": "sgr-0aed1e163b2c81041",
            "self": false,
            "source_security_group_id": null,
            "timeouts": null,
            "to_port": 80,
            "type": "ingress"
          },
          "sensitive_attributes": [],
          "identity_schema_version": 0,
          "private": "eyJlMmJmYjczMC1lY2FhLTExZTYtOGY4OC0zNDM2M2JjN2M0YzAiOnsiY3JlYXRlIjozMDAwMDAwMDAwMDB9LCJzY2hlbWFfdmVyc2lvbiI6IjIifQ==",
          "dependencies": [
            "data.aws_vpc.existing",
            "module.jenkins_sg.aws_security_group.this",
            "module.jenkins_sg.aws_security_group.this_name_prefix"
          ]
        },
        {
          "index_key": 2,
          "schema_version": 2,
          "attributes": {
            "cidr_blocks": [
              "0.0.0.0/0"
            ],
            "description": "Ingress Rule",
            "from_port": 8080,
            "id": "sgrule-3367612355",
            "ipv6_cidr_blocks": null,
            "prefix_list_ids": [],
            "protocol": "tcp",
            "region": "eu-west-1",
            "security_group_id": "sg-0514a482d319f5cf3",
            "security_group_rule_id": "sgr-04be750c996b9f4f6",
            "self": false,
            "source_security_group_id": null,
            "timeouts": null,
            "to_port": 8080,
            "type": "ingress"
          },
          "sensitive_attributes": [],
          "identity_schema_version": 0,
          "private": "eyJlMmJmYjczMC1lY2FhLTExZTYtOGY4OC0zNDM2M2JjN2M0YzAiOnsiY3JlYXRlIjozMDAwMDAwMDAwMDB9LCJzY2hlbWFfdmVyc2lvbiI6IjIifQ==",
          "dependencies": [
            "data.aws_vpc.existing",
            "module.jenkins_sg.aws_security_group.this",
            "module.jenkins_sg.aws_security_group.this_name_prefix"
          ]
        },
        {
          "index_key": 3,
          "schema_version": 2,
          "attributes": {
            "cidr_blocks": [
              "0.0.0.0/0"
            ],
            "description": "Ingress Rule",
            "from_port": 50000,
            "id": "sgrule-218166038",
            "ipv6_cidr_blocks": null,
            "prefix_list_ids": [],
            "protocol": "tcp",
            "region": "eu-west-1",
            "security_group_id": "sg-0514a482d319f5cf3",
            "security_group_rule_id": "sgr-0ec6d24265be9d4e1",
            "self": false,
            "source_security_group_id": null,
            "timeouts": null,
            "to_port": 50000,
            "type": "ingress"
          },
          "sensitive_attributes": [],
          "identity_schema_version": 0,
          "private": "eyJlMmJmYjczMC1lY2FhLTExZTYtOGY4OC0zNDM2M2JjN2M0YzAiOnsiY3JlYXRlIjozMDAwMDAwMDAwMDB9LCJzY2hlbWFfdmVyc2lvbiI6IjIifQ==",
          "dependencies": [
            "data.aws_vpc.existing",
            "module.jenkins_sg.aws_security_group.this",
            "module.jenkins_sg.aws_security_group.this_name_prefix"
          ]
        }
      ]
    },
    {
      "module": "module.jenkins_slave1",
      "mode": "data",
      "type": "aws_partition",
      "name": "current",
      "provider": "provider[\"registry.terraform.io/hashicorp/aws\"]",
      "instances": [
        {
          "schema_version": 0,
          "attributes": {
            "dns_suffix": "amazonaws.com",
            "id": "aws",
            "partition": "aws",
            "reverse_dns_prefix": "com.amazonaws"
          },
          "sensitive_attributes": [],
          "identity_schema_version": 0
        }
      ]
    },
    {
      "module": "module.jenkins_slave1",
      "mode": "data",
      "type": "aws_subnet",
      "name": "this",
      "provider": "provider[\"registry.terraform.io/hashicorp/aws\"]",
      "instances": [
        {
          "index_key": 0,
          "schema_version": 0,
          "attributes": {
            "arn": "arn:aws:ec2:eu-west-1:539247450175:subnet/subnet-026c44d5a3f3fccca",
            "assign_ipv6_address_on_creation": false,
            "availability_zone": "eu-west-1a",
            "availability_zone_id": "euw1-az2",
            "available_ip_address_count": 11,
            "cidr_block": "50.20.1.0/28",
            "customer_owned_ipv4_pool": "",
            "default_for_az": false,
            "enable_dns64": false,
            "enable_lni_at_device_index": 0,
            "enable_resource_name_dns_a_record_on_launch": false,
            "enable_resource_name_dns_aaaa_record_on_launch": false,
            "filter": null,
            "id": "subnet-026c44d5a3f3fccca",
            "ipv6_cidr_block": "",
            "ipv6_cidr_block_association_id": "",
            "ipv6_native": false,
            "map_customer_owned_ip_on_launch": false,
            "map_public_ip_on_launch": true,
            "outpost_arn": "",
            "owner_id": "539247450175",
            "private_dns_hostname_type_on_launch": "ip-name",
            "region": "eu-west-1",
            "state": "available",
            "tags": {
              "Name": "bei_subnet"
            },
            "timeouts": null,
            "vpc_id": "vpc-047d345071dd6261d"
          },
          "sensitive_attributes": [],
          "identity_schema_version": 0
        }
      ]
    },
    {
      "module": "module.jenkins_slave1",
      "mode": "managed",
      "type": "aws_instance",
      "name": "this",
      "provider": "provider[\"registry.terraform.io/hashicorp/aws\"]",
      "instances": [
        {
          "index_key": 0,
          "schema_version": 2,
          "attributes": {
            "ami": "ami-01f23391a59163da9",
            "arn": "arn:aws:ec2:eu-west-1:539247450175:instance/i-0df04043561b8ecfc",
            "associate_public_ip_address": true,
            "availability_zone": "eu-west-1a",
            "capacity_reservation_specification": [
              {
                "capacity_reservation_preference": "open",
                "capacity_reservation_target": []
              }
            ],
            "cpu_options": [
              {
                "amd_sev_snp": "",
                "core_count": 1,
                "threads_per_core": 2
              }
            ],
            "credit_specification": [
              {
                "cpu_credits": "unlimited"
              }
            ],
            "disable_api_stop": false,
            "disable_api_termination": false,
            "ebs_block_device": [],
            "ebs_optimized": false,
            "enable_primary_ipv6": null,
            "enclave_options": [
              {
                "enabled": false
              }
            ],
            "ephemeral_block_device": [],
            "force_destroy": false,
            "get_password_data": false,
            "hibernation": false,
            "host_id": "",
            "host_resource_group_arn": null,
            "iam_instance_profile": "",
            "id": "i-0df04043561b8ecfc",
            "instance_initiated_shutdown_behavior": "stop",
            "instance_lifecycle": "",
            "instance_market_options": [],
            "instance_state": "running",
            "instance_type": "t3.medium",
            "ipv6_address_count": 0,
            "ipv6_addresses": [],
            "key_name": "bei2_pub_key",
            "launch_template": [],
            "maintenance_options": [
              {
                "auto_recovery": "default"
              }
            ],
            "metadata_options": [
              {
                "http_endpoint": "enabled",
                "http_protocol_ipv6": "disabled",
                "http_put_response_hop_limit": 1,
                "http_tokens": "required",
                "instance_metadata_tags": "disabled"
              }
            ],
            "monitoring": false,
            "network_interface": [],
            "outpost_arn": "",
            "password_data": "",
            "placement_group": "",
            "placement_partition_number": 0,
            "primary_network_interface": [
              {
                "delete_on_termination": true,
                "network_interface_id": "eni-0ab637721ac0fe5b8"
              }
            ],
            "primary_network_interface_id": "eni-0ab637721ac0fe5b8",
            "private_dns": "ip-50-20-1-13.eu-west-1.compute.internal",
            "private_dns_name_options": [
              {
                "enable_resource_name_dns_a_record": false,
                "enable_resource_name_dns_aaaa_record": false,
                "hostname_type": "ip-name"
              }
            ],
            "private_ip": "50.20.1.13",
            "public_dns": "ec2-54-194-33-246.eu-west-1.compute.amazonaws.com",
            "public_ip": "54.194.33.246",
            "region": "eu-west-1",
            "root_block_device": [
              {
                "delete_on_termination": true,
                "device_name": "/dev/sda1",
                "encrypted": false,
                "iops": 3000,
                "kms_key_id": "",
                "tags": {},
                "tags_all": {},
                "throughput": 125,
                "volume_id": "vol-04c1cfa48fcaccf28",
                "volume_size": 8,
                "volume_type": "gp3"
              }
            ],
            "secondary_private_ips": [],
            "security_groups": [],
            "source_dest_check": true,
            "spot_instance_request_id": "",
            "subnet_id": "subnet-026c44d5a3f3fccca",
            "tags": {
              "Name": "bei_jenkins_slave1",
              "Role": "bei_jenkins_agent"
            },
            "tags_all": {
              "Name": "bei_jenkins_slave1",
              "Role": "bei_jenkins_agent"
            },
            "tenancy": "default",
            "timeouts": {
              "create": null,
              "delete": null,
              "read": null,
              "update": null
            },
            "user_data": null,
            "user_data_base64": null,
            "user_data_replace_on_change": false,
            "volume_tags": {
              "Name": "bei_jenkins_slave1",
              "Role": "bei_jenkins_agent"
            },
            "vpc_security_group_ids": [
              "sg-0514a482d319f5cf3",
              "sg-0f0da663946c30ef2"
            ]
          },
          "sensitive_attributes": [],
          "identity_schema_version": 0,
          "private": "eyJlMmJmYjczMC1lY2FhLTExZTYtOGY4OC0zNDM2M2JjN2M0YzAiOnsiY3JlYXRlIjo2MDAwMDAwMDAwMDAsImRlbGV0ZSI6MTIwMDAwMDAwMDAwMCwicmVhZCI6OTAwMDAwMDAwMDAwLCJ1cGRhdGUiOjYwMDAwMDAwMDAwMH0sInNjaGVtYV92ZXJzaW9uIjoiMiJ9",
          "dependencies": [
            "aws_key_pair.bei_key",
            "aws_subnet.public_subnet",
            "data.aws_vpc.existing",
            "module.jenkins_sg.aws_security_group.this",
            "module.jenkins_sg.aws_security_group.this_name_prefix",
            "module.jenkins_slave1.aws_iam_instance_profile.this",
            "module.jenkins_slave1.aws_iam_role.this",
            "module.jenkins_slave1.aws_security_group.this",
            "module.jenkins_slave1.data.aws_iam_policy_document.assume_role_policy",
            "module.jenkins_slave1.data.aws_partition.current",
            "module.jenkins_slave1.data.aws_ssm_parameter.this",
            "module.jenkins_slave1.data.aws_subnet.this"
          ]
        }
      ]
    },
    {
      "module": "module.jenkins_slave1",
      "mode": "managed",
      "type": "aws_security_group",
      "name": "this",
      "provider": "provider[\"registry.terraform.io/hashicorp/aws\"]",
      "instances": [
        {
          "index_key": 0,
          "schema_version": 1,
          "attributes": {
            "arn": "arn:aws:ec2:eu-west-1:539247450175:security-group/sg-0f0da663946c30ef2",
            "description": "Managed by Terraform",
            "egress": [],
            "id": "sg-0f0da663946c30ef2",
            "ingress": [],
            "name": "bei_jenkins_slave1-20250828170834316800000004",
            "name_prefix": "bei_jenkins_slave1-",
            "owner_id": "539247450175",
            "region": "eu-west-1",
            "revoke_rules_on_delete": false,
            "tags": {
              "Name": "bei_jenkins_slave1",
              "Role": "bei_jenkins_agent"
            },
            "tags_all": {
              "Name": "bei_jenkins_slave1",
              "Role": "bei_jenkins_agent"
            },
            "timeouts": null,
            "vpc_id": "vpc-047d345071dd6261d"
          },
          "sensitive_attributes": [],
          "identity_schema_version": 0,
          "identity": {
            "account_id": "539247450175",
            "id": "sg-0f0da663946c30ef2",
            "region": "eu-west-1"
          },
          "private": "eyJlMmJmYjczMC1lY2FhLTExZTYtOGY4OC0zNDM2M2JjN2M0YzAiOnsiY3JlYXRlIjo2MDAwMDAwMDAwMDAsImRlbGV0ZSI6OTAwMDAwMDAwMDAwfSwic2NoZW1hX3ZlcnNpb24iOiIxIn0=",
          "dependencies": [
            "aws_subnet.public_subnet",
            "data.aws_vpc.existing",
            "module.jenkins_slave1.data.aws_subnet.this"
          ],
          "create_before_destroy": true
        }
      ]
    },
    {
      "module": "module.jenkins_slave1",
      "mode": "managed",
      "type": "aws_vpc_security_group_egress_rule",
      "name": "this",
      "provider": "provider[\"registry.terraform.io/hashicorp/aws\"]",
      "instances": [
        {
          "index_key": "ipv4_default",
          "schema_version": 0,
          "attributes": {
            "arn": "arn:aws:ec2:eu-west-1:539247450175:security-group-rule/sgr-0ae4db426858f5f71",
            "cidr_ipv4": "0.0.0.0/0",
            "cidr_ipv6": null,
            "description": "Allow all IPv4 traffic",
            "from_port": null,
            "id": "sgr-0ae4db426858f5f71",
            "ip_protocol": "-1",
            "prefix_list_id": null,
            "referenced_security_group_id": null,
            "region": "eu-west-1",
            "security_group_id": "sg-0f0da663946c30ef2",
            "security_group_rule_id": "sgr-0ae4db426858f5f71",
            "tags": {
              "Name": "bei_jenkins_slave1-ipv4_default",
              "Role": "bei_jenkins_agent"
            },
            "tags_all": {
              "Name": "bei_jenkins_slave1-ipv4_default",
              "Role": "bei_jenkins_agent"
            },
            "to_port": null
          },
          "sensitive_attributes": [],
          "identity_schema_version": 0,
          "dependencies": [
            "aws_subnet.public_subnet",
            "data.aws_vpc.existing",
            "module.jenkins_slave1.aws_security_group.this",
            "module.jenkins_slave1.data.aws_subnet.this"
          ]
        },
        {
          "index_key": "ipv6_default",
          "schema_version": 0,
          "attributes": {
            "arn": "arn:aws:ec2:eu-west-1:539247450175:security-group-rule/sgr-05996fdbf2412595e",
            "cidr_ipv4": null,
            "cidr_ipv6": "::/0",
            "description": "Allow all IPv6 traffic",
            "from_port": null,
            "id": "sgr-05996fdbf2412595e",
            "ip_protocol": "-1",
            "prefix_list_id": null,
            "referenced_security_group_id": null,
            "region": "eu-west-1",
            "security_group_id": "sg-0f0da663946c30ef2",
            "security_group_rule_id": "sgr-05996fdbf2412595e",
            "tags": {
              "Name": "bei_jenkins_slave1-ipv6_default",
              "Role": "bei_jenkins_agent"
            },
            "tags_all": {
              "Name": "bei_jenkins_slave1-ipv6_default",
              "Role": "bei_jenkins_agent"
            },
            "to_port": null
          },
          "sensitive_attributes": [],
          "identity_schema_version": 0,
          "dependencies": [
            "aws_subnet.public_subnet",
            "data.aws_vpc.existing",
            "module.jenkins_slave1.aws_security_group.this",
            "module.jenkins_slave1.data.aws_subnet.this"
          ]
        }
      ]
    },
    {
      "module": "module.jenkins_slave2",
      "mode": "data",
      "type": "aws_partition",
      "name": "current",
      "provider": "provider[\"registry.terraform.io/hashicorp/aws\"]",
      "instances": [
        {
          "schema_version": 0,
          "attributes": {
            "dns_suffix": "amazonaws.com",
            "id": "aws",
            "partition": "aws",
            "reverse_dns_prefix": "com.amazonaws"
          },
          "sensitive_attributes": [],
          "identity_schema_version": 0
        }
      ]
    },
    {
      "module": "module.jenkins_slave2",
      "mode": "data",
      "type": "aws_subnet",
      "name": "this",
      "provider": "provider[\"registry.terraform.io/hashicorp/aws\"]",
      "instances": [
        {
          "index_key": 0,
          "schema_version": 0,
          "attributes": {
            "arn": "arn:aws:ec2:eu-west-1:539247450175:subnet/subnet-026c44d5a3f3fccca",
            "assign_ipv6_address_on_creation": false,
            "availability_zone": "eu-west-1a",
            "availability_zone_id": "euw1-az2",
            "available_ip_address_count": 11,
            "cidr_block": "50.20.1.0/28",
            "customer_owned_ipv4_pool": "",
            "default_for_az": false,
            "enable_dns64": false,
            "enable_lni_at_device_index": 0,
            "enable_resource_name_dns_a_record_on_launch": false,
            "enable_resource_name_dns_aaaa_record_on_launch": false,
            "filter": null,
            "id": "subnet-026c44d5a3f3fccca",
            "ipv6_cidr_block": "",
            "ipv6_cidr_block_association_id": "",
            "ipv6_native": false,
            "map_customer_owned_ip_on_launch": false,
            "map_public_ip_on_launch": true,
            "outpost_arn": "",
            "owner_id": "539247450175",
            "private_dns_hostname_type_on_launch": "ip-name",
            "region": "eu-west-1",
            "state": "available",
            "tags": {
              "Name": "bei_subnet"
            },
            "timeouts": null,
            "vpc_id": "vpc-047d345071dd6261d"
          },
          "sensitive_attributes": [],
          "identity_schema_version": 0
        }
      ]
    },
    {
      "module": "module.jenkins_slave2",
      "mode": "managed",
      "type": "aws_instance",
      "name": "this",
      "provider": "provider[\"registry.terraform.io/hashicorp/aws\"]",
      "instances": [
        {
          "index_key": 0,
          "schema_version": 2,
          "attributes": {
            "ami": "ami-01f23391a59163da9",
            "arn": "arn:aws:ec2:eu-west-1:539247450175:instance/i-0f6a6963a79fd99da",
            "associate_public_ip_address": true,
            "availability_zone": "eu-west-1a",
            "capacity_reservation_specification": [
              {
                "capacity_reservation_preference": "open",
                "capacity_reservation_target": []
              }
            ],
            "cpu_options": [
              {
                "amd_sev_snp": "",
                "core_count": 1,
                "threads_per_core": 2
              }
            ],
            "credit_specification": [
              {
                "cpu_credits": "unlimited"
              }
            ],
            "disable_api_stop": false,
            "disable_api_termination": false,
            "ebs_block_device": [],
            "ebs_optimized": false,
            "enable_primary_ipv6": null,
            "enclave_options": [
              {
                "enabled": false
              }
            ],
            "ephemeral_block_device": [],
            "force_destroy": false,
            "get_password_data": false,
            "hibernation": false,
            "host_id": "",
            "host_resource_group_arn": null,
            "iam_instance_profile": "",
            "id": "i-0f6a6963a79fd99da",
            "instance_initiated_shutdown_behavior": "stop",
            "instance_lifecycle": "",
            "instance_market_options": [],
            "instance_state": "running",
            "instance_type": "t3.medium",
            "ipv6_address_count": 0,
            "ipv6_addresses": [],
            "key_name": "bei2_pub_key",
            "launch_template": [],
            "maintenance_options": [
              {
                "auto_recovery": "default"
              }
            ],
            "metadata_options": [
              {
                "http_endpoint": "enabled",
                "http_protocol_ipv6": "disabled",
                "http_put_response_hop_limit": 1,
                "http_tokens": "required",
                "instance_metadata_tags": "disabled"
              }
            ],
            "monitoring": false,
            "network_interface": [],
            "outpost_arn": "",
            "password_data": "",
            "placement_group": "",
            "placement_partition_number": 0,
            "primary_network_interface": [
              {
                "delete_on_termination": true,
                "network_interface_id": "eni-018ff40cacf2783a0"
              }
            ],
            "primary_network_interface_id": "eni-018ff40cacf2783a0",
            "private_dns": "ip-50-20-1-4.eu-west-1.compute.internal",
            "private_dns_name_options": [
              {
                "enable_resource_name_dns_a_record": false,
                "enable_resource_name_dns_aaaa_record": false,
                "hostname_type": "ip-name"
              }
            ],
            "private_ip": "50.20.1.4",
            "public_dns": "ec2-34-253-208-161.eu-west-1.compute.amazonaws.com",
            "public_ip": "34.253.208.161",
            "region": "eu-west-1",
            "root_block_device": [
              {
                "delete_on_termination": true,
                "device_name": "/dev/sda1",
                "encrypted": false,
                "iops": 3000,
                "kms_key_id": "",
                "tags": {},
                "tags_all": {},
                "throughput": 125,
                "volume_id": "vol-00e7fd174448e7bf2",
                "volume_size": 8,
                "volume_type": "gp3"
              }
            ],
            "secondary_private_ips": [],
            "security_groups": [],
            "source_dest_check": true,
            "spot_instance_request_id": "",
            "subnet_id": "subnet-026c44d5a3f3fccca",
            "tags": {
              "Name": "bei_jenkins_slave2",
              "Role": "bei_jenkins_agent"
            },
            "tags_all": {
              "Name": "bei_jenkins_slave2",
              "Role": "bei_jenkins_agent"
            },
            "tenancy": "default",
            "timeouts": {
              "create": null,
              "delete": null,
              "read": null,
              "update": null
            },
            "user_data": null,
            "user_data_base64": null,
            "user_data_replace_on_change": false,
            "volume_tags": {
              "Name": "bei_jenkins_slave2",
              "Role": "bei_jenkins_agent"
            },
            "vpc_security_group_ids": [
              "sg-043a10787d8fa473e",
              "sg-0514a482d319f5cf3"
            ]
          },
          "sensitive_attributes": [],
          "identity_schema_version": 0,
          "private": "eyJlMmJmYjczMC1lY2FhLTExZTYtOGY4OC0zNDM2M2JjN2M0YzAiOnsiY3JlYXRlIjo2MDAwMDAwMDAwMDAsImRlbGV0ZSI6MTIwMDAwMDAwMDAwMCwicmVhZCI6OTAwMDAwMDAwMDAwLCJ1cGRhdGUiOjYwMDAwMDAwMDAwMH0sInNjaGVtYV92ZXJzaW9uIjoiMiJ9",
          "dependencies": [
            "aws_key_pair.bei_key",
            "aws_subnet.public_subnet",
            "data.aws_vpc.existing",
            "module.jenkins_sg.aws_security_group.this",
            "module.jenkins_sg.aws_security_group.this_name_prefix",
            "module.jenkins_slave2.aws_iam_instance_profile.this",
            "module.jenkins_slave2.aws_iam_role.this",
            "module.jenkins_slave2.aws_security_group.this",
            "module.jenkins_slave2.data.aws_iam_policy_document.assume_role_policy",
            "module.jenkins_slave2.data.aws_partition.current",
            "module.jenkins_slave2.data.aws_ssm_parameter.this",
            "module.jenkins_slave2.data.aws_subnet.this"
          ]
        }
      ]
    },
    {
      "module": "module.jenkins_slave2",
      "mode": "managed",
      "type": "aws_security_group",
      "name": "this",
      "provider": "provider[\"registry.terraform.io/hashicorp/aws\"]",
      "instances": [
        {
          "index_key": 0,
          "schema_version": 1,
          "attributes": {
            "arn": "arn:aws:ec2:eu-west-1:539247450175:security-group/sg-043a10787d8fa473e",
            "description": "Managed by Terraform",
            "egress": [],
            "id": "sg-043a10787d8fa473e",
            "ingress": [],
            "name": "bei_jenkins_slave2-20250828170834299500000003",
            "name_prefix": "bei_jenkins_slave2-",
            "owner_id": "539247450175",
            "region": "eu-west-1",
            "revoke_rules_on_delete": false,
            "tags": {
              "Name": "bei_jenkins_slave2",
              "Role": "bei_jenkins_agent"
            },
            "tags_all": {
              "Name": "bei_jenkins_slave2",
              "Role": "bei_jenkins_agent"
            },
            "timeouts": null,
            "vpc_id": "vpc-047d345071dd6261d"
          },
          "sensitive_attributes": [],
          "identity_schema_version": 0,
          "identity": {
            "account_id": "539247450175",
            "id": "sg-043a10787d8fa473e",
            "region": "eu-west-1"
          },
          "private": "eyJlMmJmYjczMC1lY2FhLTExZTYtOGY4OC0zNDM2M2JjN2M0YzAiOnsiY3JlYXRlIjo2MDAwMDAwMDAwMDAsImRlbGV0ZSI6OTAwMDAwMDAwMDAwfSwic2NoZW1hX3ZlcnNpb24iOiIxIn0=",
          "dependencies": [
            "aws_subnet.public_subnet",
            "data.aws_vpc.existing",
            "module.jenkins_slave2.data.aws_subnet.this"
          ],
          "create_before_destroy": true
        }
      ]
    },
    {
      "module": "module.jenkins_slave2",
      "mode": "managed",
      "type": "aws_vpc_security_group_egress_rule",
      "name": "this",
      "provider": "provider[\"registry.terraform.io/hashicorp/aws\"]",
      "instances": [
        {
          "index_key": "ipv4_default",
          "schema_version": 0,
          "attributes": {
            "arn": "arn:aws:ec2:eu-west-1:539247450175:security-group-rule/sgr-006305edd10416967",
            "cidr_ipv4": "0.0.0.0/0",
            "cidr_ipv6": null,
            "description": "Allow all IPv4 traffic",
            "from_port": null,
            "id": "sgr-006305edd10416967",
            "ip_protocol": "-1",
            "prefix_list_id": null,
            "referenced_security_group_id": null,
            "region": "eu-west-1",
            "security_group_id": "sg-043a10787d8fa473e",
            "security_group_rule_id": "sgr-006305edd10416967",
            "tags": {
              "Name": "bei_jenkins_slave2-ipv4_default",
              "Role": "bei_jenkins_agent"
            },
            "tags_all": {
              "Name": "bei_jenkins_slave2-ipv4_default",
              "Role": "bei_jenkins_agent"
            },
            "to_port": null
          },
          "sensitive_attributes": [],
          "identity_schema_version": 0,
          "dependencies": [
            "aws_subnet.public_subnet",
            "data.aws_vpc.existing",
            "module.jenkins_slave2.aws_security_group.this",
            "module.jenkins_slave2.data.aws_subnet.this"
          ]
        },
        {
          "index_key": "ipv6_default",
          "schema_version": 0,
          "attributes": {
            "arn": "arn:aws:ec2:eu-west-1:539247450175:security-group-rule/sgr-0a68be328d6c81a39",
            "cidr_ipv4": null,
            "cidr_ipv6": "::/0",
            "description": "Allow all IPv6 traffic",
            "from_port": null,
            "id": "sgr-0a68be328d6c81a39",
            "ip_protocol": "-1",
            "prefix_list_id": null,
            "referenced_security_group_id": null,
            "region": "eu-west-1",
            "security_group_id": "sg-043a10787d8fa473e",
            "security_group_rule_id": "sgr-0a68be328d6c81a39",
            "tags": {
              "Name": "bei_jenkins_slave2-ipv6_default",
              "Role": "bei_jenkins_agent"
            },
            "tags_all": {
              "Name": "bei_jenkins_slave2-ipv6_default",
              "Role": "bei_jenkins_agent"
            },
            "to_port": null
          },
          "sensitive_attributes": [],
          "identity_schema_version": 0,
          "dependencies": [
            "aws_subnet.public_subnet",
            "data.aws_vpc.existing",
            "module.jenkins_slave2.aws_security_group.this",
            "module.jenkins_slave2.data.aws_subnet.this"
          ]
        }
      ]
    },
    {
      "module": "module.jenkins_slave3",
      "mode": "data",
      "type": "aws_partition",
      "name": "current",
      "provider": "provider[\"registry.terraform.io/hashicorp/aws\"]",
      "instances": [
        {
          "schema_version": 0,
          "attributes": {
            "dns_suffix": "amazonaws.com",
            "id": "aws",
            "partition": "aws",
            "reverse_dns_prefix": "com.amazonaws"
          },
          "sensitive_attributes": [],
          "identity_schema_version": 0
        }
      ]
    },
    {
      "module": "module.jenkins_slave3",
      "mode": "data",
      "type": "aws_subnet",
      "name": "this",
      "provider": "provider[\"registry.terraform.io/hashicorp/aws\"]",
      "instances": [
        {
          "index_key": 0,
          "schema_version": 0,
          "attributes": {
            "arn": "arn:aws:ec2:eu-west-1:539247450175:subnet/subnet-026c44d5a3f3fccca",
            "assign_ipv6_address_on_creation": false,
            "availability_zone": "eu-west-1a",
            "availability_zone_id": "euw1-az2",
            "available_ip_address_count": 11,
            "cidr_block": "50.20.1.0/28",
            "customer_owned_ipv4_pool": "",
            "default_for_az": false,
            "enable_dns64": false,
            "enable_lni_at_device_index": 0,
            "enable_resource_name_dns_a_record_on_launch": false,
            "enable_resource_name_dns_aaaa_record_on_launch": false,
            "filter": null,
            "id": "subnet-026c44d5a3f3fccca",
            "ipv6_cidr_block": "",
            "ipv6_cidr_block_association_id": "",
            "ipv6_native": false,
            "map_customer_owned_ip_on_launch": false,
            "map_public_ip_on_launch": true,
            "outpost_arn": "",
            "owner_id": "539247450175",
            "private_dns_hostname_type_on_launch": "ip-name",
            "region": "eu-west-1",
            "state": "available",
            "tags": {
              "Name": "bei_subnet"
            },
            "timeouts": null,
            "vpc_id": "vpc-047d345071dd6261d"
          },
          "sensitive_attributes": [],
          "identity_schema_version": 0
        }
      ]
    },
    {
      "module": "module.jenkins_slave3",
      "mode": "managed",
      "type": "aws_instance",
      "name": "this",
      "provider": "provider[\"registry.terraform.io/hashicorp/aws\"]",
      "instances": [
        {
          "index_key": 0,
          "schema_version": 2,
          "attributes": {
            "ami": "ami-01f23391a59163da9",
            "arn": "arn:aws:ec2:eu-west-1:539247450175:instance/i-03132c3e71258a5b3",
            "associate_public_ip_address": true,
            "availability_zone": "eu-west-1a",
            "capacity_reservation_specification": [
              {
                "capacity_reservation_preference": "open",
                "capacity_reservation_target": []
              }
            ],
            "cpu_options": [
              {
                "amd_sev_snp": "",
                "core_count": 1,
                "threads_per_core": 2
              }
            ],
            "credit_specification": [
              {
                "cpu_credits": "unlimited"
              }
            ],
            "disable_api_stop": false,
            "disable_api_termination": false,
            "ebs_block_device": [],
            "ebs_optimized": false,
            "enable_primary_ipv6": null,
            "enclave_options": [
              {
                "enabled": false
              }
            ],
            "ephemeral_block_device": [],
            "force_destroy": false,
            "get_password_data": false,
            "hibernation": false,
            "host_id": "",
            "host_resource_group_arn": null,
            "iam_instance_profile": "",
            "id": "i-03132c3e71258a5b3",
            "instance_initiated_shutdown_behavior": "stop",
            "instance_lifecycle": "",
            "instance_market_options": [],
            "instance_state": "running",
            "instance_type": "t3.medium",
            "ipv6_address_count": 0,
            "ipv6_addresses": [],
            "key_name": "bei2_pub_key",
            "launch_template": [],
            "maintenance_options": [
              {
                "auto_recovery": "default"
              }
            ],
            "metadata_options": [
              {
                "http_endpoint": "enabled",
                "http_protocol_ipv6": "disabled",
                "http_put_response_hop_limit": 1,
                "http_tokens": "required",
                "instance_metadata_tags": "disabled"
              }
            ],
            "monitoring": false,
            "network_interface": [],
            "outpost_arn": "",
            "password_data": "",
            "placement_group": "",
            "placement_partition_number": 0,
            "primary_network_interface": [
              {
                "delete_on_termination": true,
                "network_interface_id": "eni-0fbdabfd36ae92434"
              }
            ],
            "primary_network_interface_id": "eni-0fbdabfd36ae92434",
            "private_dns": "ip-50-20-1-7.eu-west-1.compute.internal",
            "private_dns_name_options": [
              {
                "enable_resource_name_dns_a_record": false,
                "enable_resource_name_dns_aaaa_record": false,
                "hostname_type": "ip-name"
              }
            ],
            "private_ip": "50.20.1.7",
            "public_dns": "ec2-34-241-39-64.eu-west-1.compute.amazonaws.com",
            "public_ip": "34.241.39.64",
            "region": "eu-west-1",
            "root_block_device": [
              {
                "delete_on_termination": true,
                "device_name": "/dev/sda1",
                "encrypted": false,
                "iops": 3000,
                "kms_key_id": "",
                "tags": {},
                "tags_all": {},
                "throughput": 125,
                "volume_id": "vol-0f45527efea26fa05",
                "volume_size": 8,
                "volume_type": "gp3"
              }
            ],
            "secondary_private_ips": [],
            "security_groups": [],
            "source_dest_check": true,
            "spot_instance_request_id": "",
            "subnet_id": "subnet-026c44d5a3f3fccca",
            "tags": {
              "Name": "bei_jenkins_slave3",
              "Role": "bei_jenkins_agent"
            },
            "tags_all": {
              "Name": "bei_jenkins_slave3",
              "Role": "bei_jenkins_agent"
            },
            "tenancy": "default",
            "timeouts": {
              "create": null,
              "delete": null,
              "read": null,
              "update": null
            },
            "user_data": null,
            "user_data_base64": null,
            "user_data_replace_on_change": false,
            "volume_tags": {
              "Name": "bei_jenkins_slave3",
              "Role": "bei_jenkins_agent"
            },
            "vpc_security_group_ids": [
              "sg-041736a7b790ca737",
              "sg-0514a482d319f5cf3"
            ]
          },
          "sensitive_attributes": [],
          "identity_schema_version": 0,
          "private": "eyJlMmJmYjczMC1lY2FhLTExZTYtOGY4OC0zNDM2M2JjN2M0YzAiOnsiY3JlYXRlIjo2MDAwMDAwMDAwMDAsImRlbGV0ZSI6MTIwMDAwMDAwMDAwMCwicmVhZCI6OTAwMDAwMDAwMDAwLCJ1cGRhdGUiOjYwMDAwMDAwMDAwMH0sInNjaGVtYV92ZXJzaW9uIjoiMiJ9",
          "dependencies": [
            "aws_key_pair.bei_key",
            "aws_subnet.public_subnet",
            "data.aws_vpc.existing",
            "module.jenkins_sg.aws_security_group.this",
            "module.jenkins_sg.aws_security_group.this_name_prefix",
            "module.jenkins_slave3.aws_iam_instance_profile.this",
            "module.jenkins_slave3.aws_iam_role.this",
            "module.jenkins_slave3.aws_security_group.this",
            "module.jenkins_slave3.data.aws_iam_policy_document.assume_role_policy",
            "module.jenkins_slave3.data.aws_partition.current",
            "module.jenkins_slave3.data.aws_ssm_parameter.this",
            "module.jenkins_slave3.data.aws_subnet.this"
          ]
        }
      ]
    },
    {
      "module": "module.jenkins_slave3",
      "mode": "managed",
      "type": "aws_security_group",
      "name": "this",
      "provider": "provider[\"registry.terraform.io/hashicorp/aws\"]",
      "instances": [
        {
          "index_key": 0,
          "schema_version": 1,
          "attributes": {
            "arn": "arn:aws:ec2:eu-west-1:539247450175:security-group/sg-041736a7b790ca737",
            "description": "Managed by Terraform",
            "egress": [],
            "id": "sg-041736a7b790ca737",
            "ingress": [],
            "name": "bei_jenkins_slave3-20250828170834318700000005",
            "name_prefix": "bei_jenkins_slave3-",
            "owner_id": "539247450175",
            "region": "eu-west-1",
            "revoke_rules_on_delete": false,
            "tags": {
              "Name": "bei_jenkins_slave3",
              "Role": "bei_jenkins_agent"
            },
            "tags_all": {
              "Name": "bei_jenkins_slave3",
              "Role": "bei_jenkins_agent"
            },
            "timeouts": null,
            "vpc_id": "vpc-047d345071dd6261d"
          },
          "sensitive_attributes": [],
          "identity_schema_version": 0,
          "identity": {
            "account_id": "539247450175",
            "id": "sg-041736a7b790ca737",
            "region": "eu-west-1"
          },
          "private": "eyJlMmJmYjczMC1lY2FhLTExZTYtOGY4OC0zNDM2M2JjN2M0YzAiOnsiY3JlYXRlIjo2MDAwMDAwMDAwMDAsImRlbGV0ZSI6OTAwMDAwMDAwMDAwfSwic2NoZW1hX3ZlcnNpb24iOiIxIn0=",
          "dependencies": [
            "aws_subnet.public_subnet",
            "data.aws_vpc.existing",
            "module.jenkins_slave3.data.aws_subnet.this"
          ],
          "create_before_destroy": true
        }
      ]
    },
    {
      "module": "module.jenkins_slave3",
      "mode": "managed",
      "type": "aws_vpc_security_group_egress_rule",
      "name": "this",
      "provider": "provider[\"registry.terraform.io/hashicorp/aws\"]",
      "instances": [
        {
          "index_key": "ipv4_default",
          "schema_version": 0,
          "attributes": {
            "arn": "arn:aws:ec2:eu-west-1:539247450175:security-group-rule/sgr-0b56a78d3770c7633",
            "cidr_ipv4": "0.0.0.0/0",
            "cidr_ipv6": null,
            "description": "Allow all IPv4 traffic",
            "from_port": null,
            "id": "sgr-0b56a78d3770c7633",
            "ip_protocol": "-1",
            "prefix_list_id": null,
            "referenced_security_group_id": null,
            "region": "eu-west-1",
            "security_group_id": "sg-041736a7b790ca737",
            "security_group_rule_id": "sgr-0b56a78d3770c7633",
            "tags": {
              "Name": "bei_jenkins_slave3-ipv4_default",
              "Role": "bei_jenkins_agent"
            },
            "tags_all": {
              "Name": "bei_jenkins_slave3-ipv4_default",
              "Role": "bei_jenkins_agent"
            },
            "to_port": null
          },
          "sensitive_attributes": [],
          "identity_schema_version": 0,
          "dependencies": [
            "aws_subnet.public_subnet",
            "data.aws_vpc.existing",
            "module.jenkins_slave3.aws_security_group.this",
            "module.jenkins_slave3.data.aws_subnet.this"
          ]
        },
        {
          "index_key": "ipv6_default",
          "schema_version": 0,
          "attributes": {
            "arn": "arn:aws:ec2:eu-west-1:539247450175:security-group-rule/sgr-03ceb8643ed711cca",
            "cidr_ipv4": null,
            "cidr_ipv6": "::/0",
            "description": "Allow all IPv6 traffic",
            "from_port": null,
            "id": "sgr-03ceb8643ed711cca",
            "ip_protocol": "-1",
            "prefix_list_id": null,
            "referenced_security_group_id": null,
            "region": "eu-west-1",
            "security_group_id": "sg-041736a7b790ca737",
            "security_group_rule_id": "sgr-03ceb8643ed711cca",
            "tags": {
              "Name": "bei_jenkins_slave3-ipv6_default",
              "Role": "bei_jenkins_agent"
            },
            "tags_all": {
              "Name": "bei_jenkins_slave3-ipv6_default",
              "Role": "bei_jenkins_agent"
            },
            "to_port": null
          },
          "sensitive_attributes": [],
          "identity_schema_version": 0,
          "dependencies": [
            "aws_subnet.public_subnet",
            "data.aws_vpc.existing",
            "module.jenkins_slave3.aws_security_group.this",
            "module.jenkins_slave3.data.aws_subnet.this"
          ]
        }
      ]
    }
  ],
  "check_results": null
}
